
Microsoft Visual Studio Solution File, Format Version 12.00
# Visual Studio Version 17
VisualStudioVersion = 17.0.32126.317
MinimumVisualStudioVersion = 10.0.40219.1
Project("{FAE04EC0-301F-11D3-BF4B-00C04F79EFBC}") = "WebApplication1", "WebApplication1\WebApplication1.csproj", "{00D120CD-D7EB-46BC-8FF3-763633AFC2FB}"
EndProject
Global
	GlobalSection(SolutionConfigurationPlatforms) = preSolution
		Debug|Any CPU = Debug|Any CPU
		Release|Any CPU = Release|Any CPU
	EndGlobalSection
	GlobalSection(ProjectConfigurationPlatforms) = postSolution
		{00D120CD-D7EB-46BC-8FF3-763633AFC2FB}.Debug|Any CPU.ActiveCfg = Debug|Any CPU
		{00D120CD-D7EB-46BC-8FF3-763633AFC2FB}.Debug|Any CPU.Build.0 = Debug|Any CPU
		{00D120CD-D7EB-46BC-8FF3-763633AFC2FB}.Release|Any CPU.ActiveCfg = Release|Any CPU
		{00D120CD-D7EB-46BC-8FF3-763633AFC2FB}.Release|Any CPU.Build.0 = Release|Any CPU
	EndGlobalSection
	GlobalSection(SolutionProperties) = preSolution
		HideSolutionNode = FALSE
	EndGlobalSection
	GlobalSection(ExtensibilityGlobals) = postSolution
		SolutionGuid = {79C455CF-EFD2-496E-8BA2-76643C571CA0}
	EndGlobalSection
EndGlobal
